// !$*UTF8*$!
{
	archiveVersion = 1;
	classes = {
	};
	objectVersion = 56;
	objects = {

/* Begin PBXBuildFile section */
		CA5B9C4C2B93A588002BCFE3 /* AuthenticationManager.swift in Sources */ = {isa = PBXBuildFile; fileRef = CA5B9C4B2B93A588002BCFE3 /* AuthenticationManager.swift */; };
		CA93AF9F2B783DA0000286E0 /* Movie_ForecastApp.swift in Sources */ = {isa = PBXBuildFile; fileRef = CA93AF9E2B783DA0000286E0 /* Movie_ForecastApp.swift */; };
		CA93AFA12B783DA0000286E0 /* ContentView.swift in Sources */ = {isa = PBXBuildFile; fileRef = CA93AFA02B783DA0000286E0 /* ContentView.swift */; };
		CA93AFA32B783DA2000286E0 /* Assets.xcassets in Resources */ = {isa = PBXBuildFile; fileRef = CA93AFA22B783DA2000286E0 /* Assets.xcassets */; };
		CA93AFA62B783DA2000286E0 /* Preview Assets.xcassets in Resources */ = {isa = PBXBuildFile; fileRef = CA93AFA52B783DA2000286E0 /* Preview Assets.xcassets */; };
		CA93AFAF2B783F34000286E0 /* LoginView.swift in Sources */ = {isa = PBXBuildFile; fileRef = CA93AFAE2B783F34000286E0 /* LoginView.swift */; };
		CA93AFB12B784ACC000286E0 /* Color Extension.swift in Sources */ = {isa = PBXBuildFile; fileRef = CA93AFB02B784ACC000286E0 /* Color Extension.swift */; };
		CA93AFB32B785387000286E0 /* SignUpView.swift in Sources */ = {isa = PBXBuildFile; fileRef = CA93AFB22B785387000286E0 /* SignUpView.swift */; };
		CA93AFB52B785594000286E0 /* AuthView.swift in Sources */ = {isa = PBXBuildFile; fileRef = CA93AFB42B785594000286E0 /* AuthView.swift */; };
		CA93AFB72B785C7E000286E0 /* GoogleService-Info.plist in Resources */ = {isa = PBXBuildFile; fileRef = CA93AFB62B785C7E000286E0 /* GoogleService-Info.plist */; };
		CA93AFBA2B78615A000286E0 /* FirebaseAnalytics in Frameworks */ = {isa = PBXBuildFile; productRef = CA93AFB92B78615A000286E0 /* FirebaseAnalytics */; };
		CA93AFBC2B78615A000286E0 /* FirebaseAnalyticsOnDeviceConversion in Frameworks */ = {isa = PBXBuildFile; productRef = CA93AFBB2B78615A000286E0 /* FirebaseAnalyticsOnDeviceConversion */; };
		CA93AFBE2B78615A000286E0 /* FirebaseAnalyticsSwift in Frameworks */ = {isa = PBXBuildFile; productRef = CA93AFBD2B78615A000286E0 /* FirebaseAnalyticsSwift */; };
		CA93AFC02B78615A000286E0 /* FirebaseAnalyticsWithoutAdIdSupport in Frameworks */ = {isa = PBXBuildFile; productRef = CA93AFBF2B78615A000286E0 /* FirebaseAnalyticsWithoutAdIdSupport */; };
		CA93AFC22B78615A000286E0 /* FirebaseAppCheck in Frameworks */ = {isa = PBXBuildFile; productRef = CA93AFC12B78615A000286E0 /* FirebaseAppCheck */; };
		CA93AFC42B78615A000286E0 /* FirebaseAppDistribution-Beta in Frameworks */ = {isa = PBXBuildFile; productRef = CA93AFC32B78615A000286E0 /* FirebaseAppDistribution-Beta */; };
		CA93AFC62B78615A000286E0 /* FirebaseAuth in Frameworks */ = {isa = PBXBuildFile; productRef = CA93AFC52B78615A000286E0 /* FirebaseAuth */; };
		CA93AFC82B78615A000286E0 /* FirebaseAuthCombine-Community in Frameworks */ = {isa = PBXBuildFile; productRef = CA93AFC72B78615A000286E0 /* FirebaseAuthCombine-Community */; };
		CA93AFCA2B78615A000286E0 /* FirebaseCrashlytics in Frameworks */ = {isa = PBXBuildFile; productRef = CA93AFC92B78615A000286E0 /* FirebaseCrashlytics */; };
		CA93AFCC2B78615A000286E0 /* FirebaseDatabase in Frameworks */ = {isa = PBXBuildFile; productRef = CA93AFCB2B78615A000286E0 /* FirebaseDatabase */; };
		CA93AFCE2B78615A000286E0 /* FirebaseDatabaseSwift in Frameworks */ = {isa = PBXBuildFile; productRef = CA93AFCD2B78615A000286E0 /* FirebaseDatabaseSwift */; };
		CA93AFD02B78615A000286E0 /* FirebaseDynamicLinks in Frameworks */ = {isa = PBXBuildFile; productRef = CA93AFCF2B78615A000286E0 /* FirebaseDynamicLinks */; };
		CA93AFD22B78615A000286E0 /* FirebaseFirestore in Frameworks */ = {isa = PBXBuildFile; productRef = CA93AFD12B78615A000286E0 /* FirebaseFirestore */; };
		CA93AFD42B78615A000286E0 /* FirebaseFirestoreCombine-Community in Frameworks */ = {isa = PBXBuildFile; productRef = CA93AFD32B78615A000286E0 /* FirebaseFirestoreCombine-Community */; };
		CA93AFD62B78615A000286E0 /* FirebaseFirestoreSwift in Frameworks */ = {isa = PBXBuildFile; productRef = CA93AFD52B78615A000286E0 /* FirebaseFirestoreSwift */; };
		CA93AFD82B78615A000286E0 /* FirebaseFunctions in Frameworks */ = {isa = PBXBuildFile; productRef = CA93AFD72B78615A000286E0 /* FirebaseFunctions */; };
		CA93AFDA2B78615A000286E0 /* FirebaseFunctionsCombine-Community in Frameworks */ = {isa = PBXBuildFile; productRef = CA93AFD92B78615A000286E0 /* FirebaseFunctionsCombine-Community */; };
		CA93AFDC2B78615A000286E0 /* FirebaseInAppMessaging-Beta in Frameworks */ = {isa = PBXBuildFile; productRef = CA93AFDB2B78615A000286E0 /* FirebaseInAppMessaging-Beta */; };
		CA93AFDE2B78615A000286E0 /* FirebaseInAppMessagingSwift-Beta in Frameworks */ = {isa = PBXBuildFile; productRef = CA93AFDD2B78615A000286E0 /* FirebaseInAppMessagingSwift-Beta */; };
		CA93AFE02B78615A000286E0 /* FirebaseInstallations in Frameworks */ = {isa = PBXBuildFile; productRef = CA93AFDF2B78615A000286E0 /* FirebaseInstallations */; };
		CA93AFE22B78615A000286E0 /* FirebaseMLModelDownloader in Frameworks */ = {isa = PBXBuildFile; productRef = CA93AFE12B78615A000286E0 /* FirebaseMLModelDownloader */; };
		CA93AFE42B78615A000286E0 /* FirebaseMessaging in Frameworks */ = {isa = PBXBuildFile; productRef = CA93AFE32B78615A000286E0 /* FirebaseMessaging */; };
		CA93AFE62B78615A000286E0 /* FirebasePerformance in Frameworks */ = {isa = PBXBuildFile; productRef = CA93AFE52B78615A000286E0 /* FirebasePerformance */; };
		CA93AFE82B78615A000286E0 /* FirebaseRemoteConfig in Frameworks */ = {isa = PBXBuildFile; productRef = CA93AFE72B78615A000286E0 /* FirebaseRemoteConfig */; };
		CA93AFEA2B78615A000286E0 /* FirebaseRemoteConfigSwift in Frameworks */ = {isa = PBXBuildFile; productRef = CA93AFE92B78615A000286E0 /* FirebaseRemoteConfigSwift */; };
		CA93AFEC2B78615A000286E0 /* FirebaseStorage in Frameworks */ = {isa = PBXBuildFile; productRef = CA93AFEB2B78615A000286E0 /* FirebaseStorage */; };
		CA93AFEE2B78615A000286E0 /* FirebaseStorageCombine-Community in Frameworks */ = {isa = PBXBuildFile; productRef = CA93AFED2B78615A000286E0 /* FirebaseStorageCombine-Community */; };
		CA93AFF12B78633B000286E0 /* String Extension.swift in Sources */ = {isa = PBXBuildFile; fileRef = CA93AFF02B78633B000286E0 /* String Extension.swift */; };
		CA93AFF32B787742000286E0 /* HomeView.swift in Sources */ = {isa = PBXBuildFile; fileRef = CA93AFF22B787742000286E0 /* HomeView.swift */; };
		CA9FA0DD2B9FE423000A9CE9 /* Movie.swift in Sources */ = {isa = PBXBuildFile; fileRef = CA9FA0DC2B9FE423000A9CE9 /* Movie.swift */; };
		CA9FA0E02B9FE608000A9CE9 /* MovieService.swift in Sources */ = {isa = PBXBuildFile; fileRef = CA9FA0DF2B9FE608000A9CE9 /* MovieService.swift */; };
		CA9FA0E22B9FED78000A9CE9 /* MovieStore.swift in Sources */ = {isa = PBXBuildFile; fileRef = CA9FA0E12B9FED78000A9CE9 /* MovieStore.swift */; };
		CA9FA0E42B9FF230000A9CE9 /* Utils.swift in Sources */ = {isa = PBXBuildFile; fileRef = CA9FA0E32B9FF230000A9CE9 /* Utils.swift */; };
		CA9FA0E62BA00B50000A9CE9 /* MovieStub.swift in Sources */ = {isa = PBXBuildFile; fileRef = CA9FA0E52BA00B50000A9CE9 /* MovieStub.swift */; };
		CAA3EC472B82D35500F007E7 /* ProfileView.swift in Sources */ = {isa = PBXBuildFile; fileRef = CAA3EC462B82D35500F007E7 /* ProfileView.swift */; };
		CAC2C1282B85A83C00456181 /* UserManager.swift in Sources */ = {isa = PBXBuildFile; fileRef = CAC2C1272B85A83C00456181 /* UserManager.swift */; };
		CACBBC882BA11E6900C249AD /* NavView.swift in Sources */ = {isa = PBXBuildFile; fileRef = CACBBC872BA11E6900C249AD /* NavView.swift */; };
		CACBBC8A2BA1222200C249AD /* ShuffleView.swift in Sources */ = {isa = PBXBuildFile; fileRef = CACBBC892BA1222200C249AD /* ShuffleView.swift */; };
		CACBBC8C2BA1223000C249AD /* SearchView.swift in Sources */ = {isa = PBXBuildFile; fileRef = CACBBC8B2BA1223000C249AD /* SearchView.swift */; };
		CACBBC8E2BA1223A00C249AD /* MyMoviesView.swift in Sources */ = {isa = PBXBuildFile; fileRef = CACBBC8D2BA1223A00C249AD /* MyMoviesView.swift */; };
		CACBBC902BA1224C00C249AD /* LogoutView.swift in Sources */ = {isa = PBXBuildFile; fileRef = CACBBC8F2BA1224C00C249AD /* LogoutView.swift */; };
/* End PBXBuildFile section */

/* Begin PBXFileReference section */
		CA5B9C4B2B93A588002BCFE3 /* AuthenticationManager.swift */ = {isa = PBXFileReference; lastKnownFileType = sourcecode.swift; path = AuthenticationManager.swift; sourceTree = "<group>"; };
		CA93AF9B2B783DA0000286E0 /* Movie Forecast.app */ = {isa = PBXFileReference; explicitFileType = wrapper.application; includeInIndex = 0; path = "Movie Forecast.app"; sourceTree = BUILT_PRODUCTS_DIR; };
		CA93AF9E2B783DA0000286E0 /* Movie_ForecastApp.swift */ = {isa = PBXFileReference; lastKnownFileType = sourcecode.swift; path = Movie_ForecastApp.swift; sourceTree = "<group>"; };
		CA93AFA02B783DA0000286E0 /* ContentView.swift */ = {isa = PBXFileReference; lastKnownFileType = sourcecode.swift; path = ContentView.swift; sourceTree = "<group>"; };
		CA93AFA22B783DA2000286E0 /* Assets.xcassets */ = {isa = PBXFileReference; lastKnownFileType = folder.assetcatalog; path = Assets.xcassets; sourceTree = "<group>"; };
		CA93AFA52B783DA2000286E0 /* Preview Assets.xcassets */ = {isa = PBXFileReference; lastKnownFileType = folder.assetcatalog; path = "Preview Assets.xcassets"; sourceTree = "<group>"; };
		CA93AFAE2B783F34000286E0 /* LoginView.swift */ = {isa = PBXFileReference; lastKnownFileType = sourcecode.swift; path = LoginView.swift; sourceTree = "<group>"; };
		CA93AFB02B784ACC000286E0 /* Color Extension.swift */ = {isa = PBXFileReference; lastKnownFileType = sourcecode.swift; path = "Color Extension.swift"; sourceTree = "<group>"; };
		CA93AFB22B785387000286E0 /* SignUpView.swift */ = {isa = PBXFileReference; lastKnownFileType = sourcecode.swift; path = SignUpView.swift; sourceTree = "<group>"; };
		CA93AFB42B785594000286E0 /* AuthView.swift */ = {isa = PBXFileReference; lastKnownFileType = sourcecode.swift; path = AuthView.swift; sourceTree = "<group>"; };
		CA93AFB62B785C7E000286E0 /* GoogleService-Info.plist */ = {isa = PBXFileReference; fileEncoding = 4; lastKnownFileType = text.plist.xml; path = "GoogleService-Info.plist"; sourceTree = "<group>"; };
		CA93AFF02B78633B000286E0 /* String Extension.swift */ = {isa = PBXFileReference; lastKnownFileType = sourcecode.swift; path = "String Extension.swift"; sourceTree = "<group>"; };
		CA93AFF22B787742000286E0 /* HomeView.swift */ = {isa = PBXFileReference; lastKnownFileType = sourcecode.swift; path = HomeView.swift; sourceTree = "<group>"; };
		CA9FA0DC2B9FE423000A9CE9 /* Movie.swift */ = {isa = PBXFileReference; lastKnownFileType = sourcecode.swift; path = Movie.swift; sourceTree = "<group>"; };
		CA9FA0DF2B9FE608000A9CE9 /* MovieService.swift */ = {isa = PBXFileReference; lastKnownFileType = sourcecode.swift; path = MovieService.swift; sourceTree = "<group>"; };
		CA9FA0E12B9FED78000A9CE9 /* MovieStore.swift */ = {isa = PBXFileReference; lastKnownFileType = sourcecode.swift; path = MovieStore.swift; sourceTree = "<group>"; };
		CA9FA0E32B9FF230000A9CE9 /* Utils.swift */ = {isa = PBXFileReference; lastKnownFileType = sourcecode.swift; path = Utils.swift; sourceTree = "<group>"; };
		CA9FA0E52BA00B50000A9CE9 /* MovieStub.swift */ = {isa = PBXFileReference; lastKnownFileType = sourcecode.swift; path = MovieStub.swift; sourceTree = "<group>"; };
		CAA3EC462B82D35500F007E7 /* ProfileView.swift */ = {isa = PBXFileReference; lastKnownFileType = sourcecode.swift; path = ProfileView.swift; sourceTree = "<group>"; };
		CAC2C1272B85A83C00456181 /* UserManager.swift */ = {isa = PBXFileReference; lastKnownFileType = sourcecode.swift; path = UserManager.swift; sourceTree = "<group>"; };
		CACBBC872BA11E6900C249AD /* NavView.swift */ = {isa = PBXFileReference; lastKnownFileType = sourcecode.swift; path = NavView.swift; sourceTree = "<group>"; };
		CACBBC892BA1222200C249AD /* ShuffleView.swift */ = {isa = PBXFileReference; lastKnownFileType = sourcecode.swift; path = ShuffleView.swift; sourceTree = "<group>"; };
		CACBBC8B2BA1223000C249AD /* SearchView.swift */ = {isa = PBXFileReference; lastKnownFileType = sourcecode.swift; path = SearchView.swift; sourceTree = "<group>"; };
		CACBBC8D2BA1223A00C249AD /* MyMoviesView.swift */ = {isa = PBXFileReference; lastKnownFileType = sourcecode.swift; path = MyMoviesView.swift; sourceTree = "<group>"; };
		CACBBC8F2BA1224C00C249AD /* LogoutView.swift */ = {isa = PBXFileReference; lastKnownFileType = sourcecode.swift; path = LogoutView.swift; sourceTree = "<group>"; };
/* End PBXFileReference section */

/* Begin PBXFrameworksBuildPhase section */
		CA93AF982B783DA0000286E0 /* Frameworks */ = {
			isa = PBXFrameworksBuildPhase;
			buildActionMask = 2147483647;
			files = (
				CA93AFCC2B78615A000286E0 /* FirebaseDatabase in Frameworks */,
				CA93AFDA2B78615A000286E0 /* FirebaseFunctionsCombine-Community in Frameworks */,
				CA93AFD22B78615A000286E0 /* FirebaseFirestore in Frameworks */,
				CA93AFBE2B78615A000286E0 /* FirebaseAnalyticsSwift in Frameworks */,
				CA93AFBA2B78615A000286E0 /* FirebaseAnalytics in Frameworks */,
				CA93AFBC2B78615A000286E0 /* FirebaseAnalyticsOnDeviceConversion in Frameworks */,
				CA93AFE22B78615A000286E0 /* FirebaseMLModelDownloader in Frameworks */,
				CA93AFD62B78615A000286E0 /* FirebaseFirestoreSwift in Frameworks */,
				CA93AFC22B78615A000286E0 /* FirebaseAppCheck in Frameworks */,
				CA93AFC02B78615A000286E0 /* FirebaseAnalyticsWithoutAdIdSupport in Frameworks */,
				CA93AFC62B78615A000286E0 /* FirebaseAuth in Frameworks */,
				CA93AFCA2B78615A000286E0 /* FirebaseCrashlytics in Frameworks */,
				CA93AFEA2B78615A000286E0 /* FirebaseRemoteConfigSwift in Frameworks */,
				CA93AFDC2B78615A000286E0 /* FirebaseInAppMessaging-Beta in Frameworks */,
				CA93AFCE2B78615A000286E0 /* FirebaseDatabaseSwift in Frameworks */,
				CA93AFD82B78615A000286E0 /* FirebaseFunctions in Frameworks */,
				CA93AFEE2B78615A000286E0 /* FirebaseStorageCombine-Community in Frameworks */,
				CA93AFE82B78615A000286E0 /* FirebaseRemoteConfig in Frameworks */,
				CA93AFC42B78615A000286E0 /* FirebaseAppDistribution-Beta in Frameworks */,
				CA93AFC82B78615A000286E0 /* FirebaseAuthCombine-Community in Frameworks */,
				CA93AFE62B78615A000286E0 /* FirebasePerformance in Frameworks */,
				CA93AFDE2B78615A000286E0 /* FirebaseInAppMessagingSwift-Beta in Frameworks */,
				CA93AFEC2B78615A000286E0 /* FirebaseStorage in Frameworks */,
				CA93AFD02B78615A000286E0 /* FirebaseDynamicLinks in Frameworks */,
				CA93AFD42B78615A000286E0 /* FirebaseFirestoreCombine-Community in Frameworks */,
				CA93AFE42B78615A000286E0 /* FirebaseMessaging in Frameworks */,
				CA93AFE02B78615A000286E0 /* FirebaseInstallations in Frameworks */,
			);
			runOnlyForDeploymentPostprocessing = 0;
		};
/* End PBXFrameworksBuildPhase section */

/* Begin PBXGroup section */
		CA93AF922B783D9F000286E0 = {
			isa = PBXGroup;
			children = (
				CA93AF9D2B783DA0000286E0 /* Movie Forecast */,
				CA93AF9C2B783DA0000286E0 /* Products */,
			);
			sourceTree = "<group>";
		};
		CA93AF9C2B783DA0000286E0 /* Products */ = {
			isa = PBXGroup;
			children = (
				CA93AF9B2B783DA0000286E0 /* Movie Forecast.app */,
			);
			name = Products;
			sourceTree = "<group>";
		};
		CA93AF9D2B783DA0000286E0 /* Movie Forecast */ = {
			isa = PBXGroup;
			children = (
				CACBBC912BA15DEA00C249AD /* API */,
				CA93AFB62B785C7E000286E0 /* GoogleService-Info.plist */,
				CA93AFB02B784ACC000286E0 /* Color Extension.swift */,
				CA93AF9E2B783DA0000286E0 /* Movie_ForecastApp.swift */,
				CA93AFF02B78633B000286E0 /* String Extension.swift */,
				CA93AFA22B783DA2000286E0 /* Assets.xcassets */,
				CAA3EC442B82D29600F007E7 /* Core */,
				CA93AFA42B783DA2000286E0 /* Preview Content */,
				CA9FA0E32B9FF230000A9CE9 /* Utils.swift */,
			);
			path = "Movie Forecast";
			sourceTree = "<group>";
		};
		CA93AFA42B783DA2000286E0 /* Preview Content */ = {
			isa = PBXGroup;
			children = (
				CA93AFA52B783DA2000286E0 /* Preview Assets.xcassets */,
			);
			path = "Preview Content";
			sourceTree = "<group>";
		};
		CA93AFAD2B783F14000286E0 /* Authentication views */ = {
			isa = PBXGroup;
			children = (
				CA93AFAE2B783F34000286E0 /* LoginView.swift */,
				CA93AFB22B785387000286E0 /* SignUpView.swift */,
				CA93AFB42B785594000286E0 /* AuthView.swift */,
			);
			path = "Authentication views";
			sourceTree = "<group>";
		};
		CA9FA0DB2B9FE3F3000A9CE9 /* Models */ = {
			isa = PBXGroup;
			children = (
				CA9FA0DC2B9FE423000A9CE9 /* Movie.swift */,
				CA9FA0E52BA00B50000A9CE9 /* MovieStub.swift */,
			);
			path = Models;
			sourceTree = "<group>";
		};
		CA9FA0DE2B9FE5E3000A9CE9 /* Services */ = {
			isa = PBXGroup;
			children = (
				CA9FA0DF2B9FE608000A9CE9 /* MovieService.swift */,
				CA9FA0E12B9FED78000A9CE9 /* MovieStore.swift */,
			);
			path = Services;
			sourceTree = "<group>";
		};
		CA9FA0E72BA00F69000A9CE9 /* Resources */ = {
			isa = PBXGroup;
			children = (
			);
			path = Resources;
			sourceTree = "<group>";
		};
		CAA3EC442B82D29600F007E7 /* Core */ = {
			isa = PBXGroup;
			children = (
				CAC2C1262B85A80000456181 /* Views */,
				CAC2C1252B85A7F200456181 /* Firestore */,
				CAA3EC452B82D33200F007E7 /* Profile */,
				CA93AFAD2B783F14000286E0 /* Authentication views */,
			);
			path = Core;
			sourceTree = "<group>";
		};
		CAA3EC452B82D33200F007E7 /* Profile */ = {
			isa = PBXGroup;
			children = (
				CAA3EC462B82D35500F007E7 /* ProfileView.swift */,
			);
			path = Profile;
			sourceTree = "<group>";
		};
		CAC2C1252B85A7F200456181 /* Firestore */ = {
			isa = PBXGroup;
			children = (
				CAC2C1272B85A83C00456181 /* UserManager.swift */,
				CA5B9C4B2B93A588002BCFE3 /* AuthenticationManager.swift */,
			);
			path = Firestore;
			sourceTree = "<group>";
		};
		CAC2C1262B85A80000456181 /* Views */ = {
			isa = PBXGroup;
			children = (
				CACBBC872BA11E6900C249AD /* NavView.swift */,
				CA93AFA02B783DA0000286E0 /* ContentView.swift */,
				CA93AFF22B787742000286E0 /* HomeView.swift */,
				CACBBC892BA1222200C249AD /* ShuffleView.swift */,
				CACBBC8B2BA1223000C249AD /* SearchView.swift */,
				CACBBC8D2BA1223A00C249AD /* MyMoviesView.swift */,
				CACBBC8F2BA1224C00C249AD /* LogoutView.swift */,
			);
			path = Views;
			sourceTree = "<group>";
		};
		CACBBC912BA15DEA00C249AD /* API */ = {
			isa = PBXGroup;
			children = (
				CA9FA0DB2B9FE3F3000A9CE9 /* Models */,
				CA9FA0E72BA00F69000A9CE9 /* Resources */,
				CA9FA0DE2B9FE5E3000A9CE9 /* Services */,
			);
			path = API;
			sourceTree = "<group>";
		};
/* End PBXGroup section */

/* Begin PBXNativeTarget section */
		CA93AF9A2B783DA0000286E0 /* Movie Forecast */ = {
			isa = PBXNativeTarget;
			buildConfigurationList = CA93AFA92B783DA2000286E0 /* Build configuration list for PBXNativeTarget "Movie Forecast" */;
			buildPhases = (
				CA93AF972B783DA0000286E0 /* Sources */,
				CA93AF982B783DA0000286E0 /* Frameworks */,
				CA93AF992B783DA0000286E0 /* Resources */,
			);
			buildRules = (
			);
			dependencies = (
			);
			name = "Movie Forecast";
			packageProductDependencies = (
				CA93AFB92B78615A000286E0 /* FirebaseAnalytics */,
				CA93AFBB2B78615A000286E0 /* FirebaseAnalyticsOnDeviceConversion */,
				CA93AFBD2B78615A000286E0 /* FirebaseAnalyticsSwift */,
				CA93AFBF2B78615A000286E0 /* FirebaseAnalyticsWithoutAdIdSupport */,
				CA93AFC12B78615A000286E0 /* FirebaseAppCheck */,
				CA93AFC32B78615A000286E0 /* FirebaseAppDistribution-Beta */,
				CA93AFC52B78615A000286E0 /* FirebaseAuth */,
				CA93AFC72B78615A000286E0 /* FirebaseAuthCombine-Community */,
				CA93AFC92B78615A000286E0 /* FirebaseCrashlytics */,
				CA93AFCB2B78615A000286E0 /* FirebaseDatabase */,
				CA93AFCD2B78615A000286E0 /* FirebaseDatabaseSwift */,
				CA93AFCF2B78615A000286E0 /* FirebaseDynamicLinks */,
				CA93AFD12B78615A000286E0 /* FirebaseFirestore */,
				CA93AFD32B78615A000286E0 /* FirebaseFirestoreCombine-Community */,
				CA93AFD52B78615A000286E0 /* FirebaseFirestoreSwift */,
				CA93AFD72B78615A000286E0 /* FirebaseFunctions */,
				CA93AFD92B78615A000286E0 /* FirebaseFunctionsCombine-Community */,
				CA93AFDB2B78615A000286E0 /* FirebaseInAppMessaging-Beta */,
				CA93AFDD2B78615A000286E0 /* FirebaseInAppMessagingSwift-Beta */,
				CA93AFDF2B78615A000286E0 /* FirebaseInstallations */,
				CA93AFE12B78615A000286E0 /* FirebaseMLModelDownloader */,
				CA93AFE32B78615A000286E0 /* FirebaseMessaging */,
				CA93AFE52B78615A000286E0 /* FirebasePerformance */,
				CA93AFE72B78615A000286E0 /* FirebaseRemoteConfig */,
				CA93AFE92B78615A000286E0 /* FirebaseRemoteConfigSwift */,
				CA93AFEB2B78615A000286E0 /* FirebaseStorage */,
				CA93AFED2B78615A000286E0 /* FirebaseStorageCombine-Community */,
			);
			productName = "Movie Forecast";
			productReference = CA93AF9B2B783DA0000286E0 /* Movie Forecast.app */;
			productType = "com.apple.product-type.application";
		};
/* End PBXNativeTarget section */

/* Begin PBXProject section */
		CA93AF932B783D9F000286E0 /* Project object */ = {
			isa = PBXProject;
			attributes = {
				BuildIndependentTargetsInParallel = 1;
				LastSwiftUpdateCheck = 1520;
				LastUpgradeCheck = 1520;
				TargetAttributes = {
					CA93AF9A2B783DA0000286E0 = {
						CreatedOnToolsVersion = 15.2;
					};
				};
			};
			buildConfigurationList = CA93AF962B783D9F000286E0 /* Build configuration list for PBXProject "Movie Forecast" */;
			compatibilityVersion = "Xcode 14.0";
			developmentRegion = en;
			hasScannedForEncodings = 0;
			knownRegions = (
				en,
				Base,
			);
			mainGroup = CA93AF922B783D9F000286E0;
			packageReferences = (
				CA93AFB82B78615A000286E0 /* XCRemoteSwiftPackageReference "firebase-ios-sdk" */,
			);
			productRefGroup = CA93AF9C2B783DA0000286E0 /* Products */;
			projectDirPath = "";
			projectRoot = "";
			targets = (
				CA93AF9A2B783DA0000286E0 /* Movie Forecast */,
			);
		};
/* End PBXProject section */

/* Begin PBXResourcesBuildPhase section */
		CA93AF992B783DA0000286E0 /* Resources */ = {
			isa = PBXResourcesBuildPhase;
			buildActionMask = 2147483647;
			files = (
				CA93AFA62B783DA2000286E0 /* Preview Assets.xcassets in Resources */,
				CA93AFA32B783DA2000286E0 /* Assets.xcassets in Resources */,
				CA93AFB72B785C7E000286E0 /* GoogleService-Info.plist in Resources */,
			);
			runOnlyForDeploymentPostprocessing = 0;
		};
/* End PBXResourcesBuildPhase section */

/* Begin PBXSourcesBuildPhase section */
		CA93AF972B783DA0000286E0 /* Sources */ = {
			isa = PBXSourcesBuildPhase;
			buildActionMask = 2147483647;
			files = (
				CACBBC8A2BA1222200C249AD /* ShuffleView.swift in Sources */,
				CACBBC8E2BA1223A00C249AD /* MyMoviesView.swift in Sources */,
				CACBBC8C2BA1223000C249AD /* SearchView.swift in Sources */,
				CA93AFB12B784ACC000286E0 /* Color Extension.swift in Sources */,
				CAA3EC472B82D35500F007E7 /* ProfileView.swift in Sources */,
				CA9FA0DD2B9FE423000A9CE9 /* Movie.swift in Sources */,
				CA5B9C4C2B93A588002BCFE3 /* AuthenticationManager.swift in Sources */,
				CACBBC882BA11E6900C249AD /* NavView.swift in Sources */,
				CA9FA0E02B9FE608000A9CE9 /* MovieService.swift in Sources */,
				CA9FA0E42B9FF230000A9CE9 /* Utils.swift in Sources */,
				CA93AFB32B785387000286E0 /* SignUpView.swift in Sources */,
				CA9FA0E22B9FED78000A9CE9 /* MovieStore.swift in Sources */,
				CA9FA0E62BA00B50000A9CE9 /* MovieStub.swift in Sources */,
				CA93AFB52B785594000286E0 /* AuthView.swift in Sources */,
				CA93AFAF2B783F34000286E0 /* LoginView.swift in Sources */,
				CA93AFF12B78633B000286E0 /* String Extension.swift in Sources */,
				CA93AFF32B787742000286E0 /* HomeView.swift in Sources */,
				CA93AFA12B783DA0000286E0 /* ContentView.swift in Sources */,
				CAC2C1282B85A83C00456181 /* UserManager.swift in Sources */,
				CACBBC902BA1224C00C249AD /* LogoutView.swift in Sources */,
				CA93AF9F2B783DA0000286E0 /* Movie_ForecastApp.swift in Sources */,
			);
			runOnlyForDeploymentPostprocessing = 0;
		};
/* End PBXSourcesBuildPhase section */

/* Begin XCBuildConfiguration section */
		CA93AFA72B783DA2000286E0 /* Debug */ = {
			isa = XCBuildConfiguration;
			buildSettings = {
				ALWAYS_SEARCH_USER_PATHS = NO;
				ASSETCATALOG_COMPILER_GENERATE_SWIFT_ASSET_SYMBOL_EXTENSIONS = YES;
				CLANG_ANALYZER_NONNULL = YES;
				CLANG_ANALYZER_NUMBER_OBJECT_CONVERSION = YES_AGGRESSIVE;
				CLANG_CXX_LANGUAGE_STANDARD = "gnu++20";
				CLANG_ENABLE_MODULES = YES;
				CLANG_ENABLE_OBJC_ARC = YES;
				CLANG_ENABLE_OBJC_WEAK = YES;
				CLANG_WARN_BLOCK_CAPTURE_AUTORELEASING = YES;
				CLANG_WARN_BOOL_CONVERSION = YES;
				CLANG_WARN_COMMA = YES;
				CLANG_WARN_CONSTANT_CONVERSION = YES;
				CLANG_WARN_DEPRECATED_OBJC_IMPLEMENTATIONS = YES;
				CLANG_WARN_DIRECT_OBJC_ISA_USAGE = YES_ERROR;
				CLANG_WARN_DOCUMENTATION_COMMENTS = YES;
				CLANG_WARN_EMPTY_BODY = YES;
				CLANG_WARN_ENUM_CONVERSION = YES;
				CLANG_WARN_INFINITE_RECURSION = YES;
				CLANG_WARN_INT_CONVERSION = YES;
				CLANG_WARN_NON_LITERAL_NULL_CONVERSION = YES;
				CLANG_WARN_OBJC_IMPLICIT_RETAIN_SELF = YES;
				CLANG_WARN_OBJC_LITERAL_CONVERSION = YES;
				CLANG_WARN_OBJC_ROOT_CLASS = YES_ERROR;
				CLANG_WARN_QUOTED_INCLUDE_IN_FRAMEWORK_HEADER = YES;
				CLANG_WARN_RANGE_LOOP_ANALYSIS = YES;
				CLANG_WARN_STRICT_PROTOTYPES = YES;
				CLANG_WARN_SUSPICIOUS_MOVE = YES;
				CLANG_WARN_UNGUARDED_AVAILABILITY = YES_AGGRESSIVE;
				CLANG_WARN_UNREACHABLE_CODE = YES;
				CLANG_WARN__DUPLICATE_METHOD_MATCH = YES;
				COPY_PHASE_STRIP = NO;
				DEBUG_INFORMATION_FORMAT = dwarf;
				ENABLE_STRICT_OBJC_MSGSEND = YES;
				ENABLE_TESTABILITY = YES;
				ENABLE_USER_SCRIPT_SANDBOXING = YES;
				GCC_C_LANGUAGE_STANDARD = gnu17;
				GCC_DYNAMIC_NO_PIC = NO;
				GCC_NO_COMMON_BLOCKS = YES;
				GCC_OPTIMIZATION_LEVEL = 0;
				GCC_PREPROCESSOR_DEFINITIONS = (
					"DEBUG=1",
					"$(inherited)",
				);
				GCC_WARN_64_TO_32_BIT_CONVERSION = YES;
				GCC_WARN_ABOUT_RETURN_TYPE = YES_ERROR;
				GCC_WARN_UNDECLARED_SELECTOR = YES;
				GCC_WARN_UNINITIALIZED_AUTOS = YES_AGGRESSIVE;
				GCC_WARN_UNUSED_FUNCTION = YES;
				GCC_WARN_UNUSED_VARIABLE = YES;
				IPHONEOS_DEPLOYMENT_TARGET = 17.2;
				LOCALIZATION_PREFERS_STRING_CATALOGS = YES;
				MTL_ENABLE_DEBUG_INFO = INCLUDE_SOURCE;
				MTL_FAST_MATH = YES;
				ONLY_ACTIVE_ARCH = YES;
				SDKROOT = iphoneos;
				SWIFT_ACTIVE_COMPILATION_CONDITIONS = "DEBUG $(inherited)";
				SWIFT_OPTIMIZATION_LEVEL = "-Onone";
			};
			name = Debug;
		};
		CA93AFA82B783DA2000286E0 /* Release */ = {
			isa = XCBuildConfiguration;
			buildSettings = {
				ALWAYS_SEARCH_USER_PATHS = NO;
				ASSETCATALOG_COMPILER_GENERATE_SWIFT_ASSET_SYMBOL_EXTENSIONS = YES;
				CLANG_ANALYZER_NONNULL = YES;
				CLANG_ANALYZER_NUMBER_OBJECT_CONVERSION = YES_AGGRESSIVE;
				CLANG_CXX_LANGUAGE_STANDARD = "gnu++20";
				CLANG_ENABLE_MODULES = YES;
				CLANG_ENABLE_OBJC_ARC = YES;
				CLANG_ENABLE_OBJC_WEAK = YES;
				CLANG_WARN_BLOCK_CAPTURE_AUTORELEASING = YES;
				CLANG_WARN_BOOL_CONVERSION = YES;
				CLANG_WARN_COMMA = YES;
				CLANG_WARN_CONSTANT_CONVERSION = YES;
				CLANG_WARN_DEPRECATED_OBJC_IMPLEMENTATIONS = YES;
				CLANG_WARN_DIRECT_OBJC_ISA_USAGE = YES_ERROR;
				CLANG_WARN_DOCUMENTATION_COMMENTS = YES;
				CLANG_WARN_EMPTY_BODY = YES;
				CLANG_WARN_ENUM_CONVERSION = YES;
				CLANG_WARN_INFINITE_RECURSION = YES;
				CLANG_WARN_INT_CONVERSION = YES;
				CLANG_WARN_NON_LITERAL_NULL_CONVERSION = YES;
				CLANG_WARN_OBJC_IMPLICIT_RETAIN_SELF = YES;
				CLANG_WARN_OBJC_LITERAL_CONVERSION = YES;
				CLANG_WARN_OBJC_ROOT_CLASS = YES_ERROR;
				CLANG_WARN_QUOTED_INCLUDE_IN_FRAMEWORK_HEADER = YES;
				CLANG_WARN_RANGE_LOOP_ANALYSIS = YES;
				CLANG_WARN_STRICT_PROTOTYPES = YES;
				CLANG_WARN_SUSPICIOUS_MOVE = YES;
				CLANG_WARN_UNGUARDED_AVAILABILITY = YES_AGGRESSIVE;
				CLANG_WARN_UNREACHABLE_CODE = YES;
				CLANG_WARN__DUPLICATE_METHOD_MATCH = YES;
				COPY_PHASE_STRIP = NO;
				DEBUG_INFORMATION_FORMAT = "dwarf-with-dsym";
				ENABLE_NS_ASSERTIONS = NO;
				ENABLE_STRICT_OBJC_MSGSEND = YES;
				ENABLE_USER_SCRIPT_SANDBOXING = YES;
				GCC_C_LANGUAGE_STANDARD = gnu17;
				GCC_NO_COMMON_BLOCKS = YES;
				GCC_WARN_64_TO_32_BIT_CONVERSION = YES;
				GCC_WARN_ABOUT_RETURN_TYPE = YES_ERROR;
				GCC_WARN_UNDECLARED_SELECTOR = YES;
				GCC_WARN_UNINITIALIZED_AUTOS = YES_AGGRESSIVE;
				GCC_WARN_UNUSED_FUNCTION = YES;
				GCC_WARN_UNUSED_VARIABLE = YES;
				IPHONEOS_DEPLOYMENT_TARGET = 17.2;
				LOCALIZATION_PREFERS_STRING_CATALOGS = YES;
				MTL_ENABLE_DEBUG_INFO = NO;
				MTL_FAST_MATH = YES;
				SDKROOT = iphoneos;
				SWIFT_COMPILATION_MODE = wholemodule;
				VALIDATE_PRODUCT = YES;
			};
			name = Release;
		};
		CA93AFAA2B783DA2000286E0 /* Debug */ = {
			isa = XCBuildConfiguration;
			buildSettings = {
				ASSETCATALOG_COMPILER_APPICON_NAME = AppIcon;
				ASSETCATALOG_COMPILER_GLOBAL_ACCENT_COLOR_NAME = AccentColor;
				CODE_SIGN_STYLE = Automatic;
				CURRENT_PROJECT_VERSION = 1;
				DEVELOPMENT_ASSET_PATHS = "\"Movie Forecast/Preview Content\"";
				ENABLE_PREVIEWS = YES;
				GENERATE_INFOPLIST_FILE = YES;
				INFOPLIST_KEY_UIApplicationSceneManifest_Generation = YES;
				INFOPLIST_KEY_UIApplicationSupportsIndirectInputEvents = YES;
				INFOPLIST_KEY_UILaunchScreen_Generation = YES;
				INFOPLIST_KEY_UISupportedInterfaceOrientations_iPad = "UIInterfaceOrientationPortrait UIInterfaceOrientationPortraitUpsideDown UIInterfaceOrientationLandscapeLeft UIInterfaceOrientationLandscapeRight";
				INFOPLIST_KEY_UISupportedInterfaceOrientations_iPhone = "UIInterfaceOrientationPortrait UIInterfaceOrientationLandscapeLeft UIInterfaceOrientationLandscapeRight";
				IPHONEOS_DEPLOYMENT_TARGET = 16.0;
				LD_RUNPATH_SEARCH_PATHS = (
					"$(inherited)",
					"@executable_path/Frameworks",
				);
				MARKETING_VERSION = 1.0;
				PRODUCT_BUNDLE_IDENTIFIER = "IOS.Movie-Forecast";
				PRODUCT_NAME = "$(TARGET_NAME)";
				SWIFT_EMIT_LOC_STRINGS = YES;
				SWIFT_VERSION = 5.0;
				TARGETED_DEVICE_FAMILY = "1,2";
			};
			name = Debug;
		};
		CA93AFAB2B783DA2000286E0 /* Release */ = {
			isa = XCBuildConfiguration;
			buildSettings = {
				ASSETCATALOG_COMPILER_APPICON_NAME = AppIcon;
				ASSETCATALOG_COMPILER_GLOBAL_ACCENT_COLOR_NAME = AccentColor;
				CODE_SIGN_STYLE = Automatic;
				CURRENT_PROJECT_VERSION = 1;
				DEVELOPMENT_ASSET_PATHS = "\"Movie Forecast/Preview Content\"";
				ENABLE_PREVIEWS = YES;
				GENERATE_INFOPLIST_FILE = YES;
				INFOPLIST_KEY_UIApplicationSceneManifest_Generation = YES;
				INFOPLIST_KEY_UIApplicationSupportsIndirectInputEvents = YES;
				INFOPLIST_KEY_UILaunchScreen_Generation = YES;
				INFOPLIST_KEY_UISupportedInterfaceOrientations_iPad = "UIInterfaceOrientationPortrait UIInterfaceOrientationPortraitUpsideDown UIInterfaceOrientationLandscapeLeft UIInterfaceOrientationLandscapeRight";
				INFOPLIST_KEY_UISupportedInterfaceOrientations_iPhone = "UIInterfaceOrientationPortrait UIInterfaceOrientationLandscapeLeft UIInterfaceOrientationLandscapeRight";
				IPHONEOS_DEPLOYMENT_TARGET = 16.0;
				LD_RUNPATH_SEARCH_PATHS = (
					"$(inherited)",
					"@executable_path/Frameworks",
				);
				MARKETING_VERSION = 1.0;
				PRODUCT_BUNDLE_IDENTIFIER = "IOS.Movie-Forecast";
				PRODUCT_NAME = "$(TARGET_NAME)";
				SWIFT_EMIT_LOC_STRINGS = YES;
				SWIFT_VERSION = 5.0;
				TARGETED_DEVICE_FAMILY = "1,2";
			};
			name = Release;
		};
/* End XCBuildConfiguration section */

/* Begin XCConfigurationList section */
		CA93AF962B783D9F000286E0 /* Build configuration list for PBXProject "Movie Forecast" */ = {
			isa = XCConfigurationList;
			buildConfigurations = (
				CA93AFA72B783DA2000286E0 /* Debug */,
				CA93AFA82B783DA2000286E0 /* Release */,
			);
			defaultConfigurationIsVisible = 0;
			defaultConfigurationName = Release;
		};
		CA93AFA92B783DA2000286E0 /* Build configuration list for PBXNativeTarget "Movie Forecast" */ = {
			isa = XCConfigurationList;
			buildConfigurations = (
				CA93AFAA2B783DA2000286E0 /* Debug */,
				CA93AFAB2B783DA2000286E0 /* Release */,
			);
			defaultConfigurationIsVisible = 0;
			defaultConfigurationName = Release;
		};
/* End XCConfigurationList section */

/* Begin XCRemoteSwiftPackageReference section */
		CA93AFB82B78615A000286E0 /* XCRemoteSwiftPackageReference "firebase-ios-sdk" */ = {
			isa = XCRemoteSwiftPackageReference;
			repositoryURL = "https://github.com/firebase/firebase-ios-sdk";
			requirement = {
				kind = upToNextMajorVersion;
				minimumVersion = 10.21.0;
			};
		};
/* End XCRemoteSwiftPackageReference section */

/* Begin XCSwiftPackageProductDependency section */
		CA93AFB92B78615A000286E0 /* FirebaseAnalytics */ = {
			isa = XCSwiftPackageProductDependency;
			package = CA93AFB82B78615A000286E0 /* XCRemoteSwiftPackageReference "firebase-ios-sdk" */;
			productName = FirebaseAnalytics;
		};
		CA93AFBB2B78615A000286E0 /* FirebaseAnalyticsOnDeviceConversion */ = {
			isa = XCSwiftPackageProductDependency;
			package = CA93AFB82B78615A000286E0 /* XCRemoteSwiftPackageReference "firebase-ios-sdk" */;
			productName = FirebaseAnalyticsOnDeviceConversion;
		};
		CA93AFBD2B78615A000286E0 /* FirebaseAnalyticsSwift */ = {
			isa = XCSwiftPackageProductDependency;
			package = CA93AFB82B78615A000286E0 /* XCRemoteSwiftPackageReference "firebase-ios-sdk" */;
			productName = FirebaseAnalyticsSwift;
		};
		CA93AFBF2B78615A000286E0 /* FirebaseAnalyticsWithoutAdIdSupport */ = {
			isa = XCSwiftPackageProductDependency;
			package = CA93AFB82B78615A000286E0 /* XCRemoteSwiftPackageReference "firebase-ios-sdk" */;
			productName = FirebaseAnalyticsWithoutAdIdSupport;
		};
		CA93AFC12B78615A000286E0 /* FirebaseAppCheck */ = {
			isa = XCSwiftPackageProductDependency;
			package = CA93AFB82B78615A000286E0 /* XCRemoteSwiftPackageReference "firebase-ios-sdk" */;
			productName = FirebaseAppCheck;
		};
		CA93AFC32B78615A000286E0 /* FirebaseAppDistribution-Beta */ = {
			isa = XCSwiftPackageProductDependency;
			package = CA93AFB82B78615A000286E0 /* XCRemoteSwiftPackageReference "firebase-ios-sdk" */;
			productName = "FirebaseAppDistribution-Beta";
		};
		CA93AFC52B78615A000286E0 /* FirebaseAuth */ = {
			isa = XCSwiftPackageProductDependency;
			package = CA93AFB82B78615A000286E0 /* XCRemoteSwiftPackageReference "firebase-ios-sdk" */;
			productName = FirebaseAuth;
		};
		CA93AFC72B78615A000286E0 /* FirebaseAuthCombine-Community */ = {
			isa = XCSwiftPackageProductDependency;
			package = CA93AFB82B78615A000286E0 /* XCRemoteSwiftPackageReference "firebase-ios-sdk" */;
			productName = "FirebaseAuthCombine-Community";
		};
		CA93AFC92B78615A000286E0 /* FirebaseCrashlytics */ = {
			isa = XCSwiftPackageProductDependency;
			package = CA93AFB82B78615A000286E0 /* XCRemoteSwiftPackageReference "firebase-ios-sdk" */;
			productName = FirebaseCrashlytics;
		};
		CA93AFCB2B78615A000286E0 /* FirebaseDatabase */ = {
			isa = XCSwiftPackageProductDependency;
			package = CA93AFB82B78615A000286E0 /* XCRemoteSwiftPackageReference "firebase-ios-sdk" */;
			productName = FirebaseDatabase;
		};
		CA93AFCD2B78615A000286E0 /* FirebaseDatabaseSwift */ = {
			isa = XCSwiftPackageProductDependency;
			package = CA93AFB82B78615A000286E0 /* XCRemoteSwiftPackageReference "firebase-ios-sdk" */;
			productName = FirebaseDatabaseSwift;
		};
		CA93AFCF2B78615A000286E0 /* FirebaseDynamicLinks */ = {
			isa = XCSwiftPackageProductDependency;
			package = CA93AFB82B78615A000286E0 /* XCRemoteSwiftPackageReference "firebase-ios-sdk" */;
			productName = FirebaseDynamicLinks;
		};
		CA93AFD12B78615A000286E0 /* FirebaseFirestore */ = {
			isa = XCSwiftPackageProductDependency;
			package = CA93AFB82B78615A000286E0 /* XCRemoteSwiftPackageReference "firebase-ios-sdk" */;
			productName = FirebaseFirestore;
		};
		CA93AFD32B78615A000286E0 /* FirebaseFirestoreCombine-Community */ = {
			isa = XCSwiftPackageProductDependency;
			package = CA93AFB82B78615A000286E0 /* XCRemoteSwiftPackageReference "firebase-ios-sdk" */;
			productName = "FirebaseFirestoreCombine-Community";
		};
		CA93AFD52B78615A000286E0 /* FirebaseFirestoreSwift */ = {
			isa = XCSwiftPackageProductDependency;
			package = CA93AFB82B78615A000286E0 /* XCRemoteSwiftPackageReference "firebase-ios-sdk" */;
			productName = FirebaseFirestoreSwift;
		};
		CA93AFD72B78615A000286E0 /* FirebaseFunctions */ = {
			isa = XCSwiftPackageProductDependency;
			package = CA93AFB82B78615A000286E0 /* XCRemoteSwiftPackageReference "firebase-ios-sdk" */;
			productName = FirebaseFunctions;
		};
		CA93AFD92B78615A000286E0 /* FirebaseFunctionsCombine-Community */ = {
			isa = XCSwiftPackageProductDependency;
			package = CA93AFB82B78615A000286E0 /* XCRemoteSwiftPackageReference "firebase-ios-sdk" */;
			productName = "FirebaseFunctionsCombine-Community";
		};
		CA93AFDB2B78615A000286E0 /* FirebaseInAppMessaging-Beta */ = {
			isa = XCSwiftPackageProductDependency;
			package = CA93AFB82B78615A000286E0 /* XCRemoteSwiftPackageReference "firebase-ios-sdk" */;
			productName = "FirebaseInAppMessaging-Beta";
		};
		CA93AFDD2B78615A000286E0 /* FirebaseInAppMessagingSwift-Beta */ = {
			isa = XCSwiftPackageProductDependency;
			package = CA93AFB82B78615A000286E0 /* XCRemoteSwiftPackageReference "firebase-ios-sdk" */;
			productName = "FirebaseInAppMessagingSwift-Beta";
		};
		CA93AFDF2B78615A000286E0 /* FirebaseInstallations */ = {
			isa = XCSwiftPackageProductDependency;
			package = CA93AFB82B78615A000286E0 /* XCRemoteSwiftPackageReference "firebase-ios-sdk" */;
			productName = FirebaseInstallations;
		};
		CA93AFE12B78615A000286E0 /* FirebaseMLModelDownloader */ = {
			isa = XCSwiftPackageProductDependency;
			package = CA93AFB82B78615A000286E0 /* XCRemoteSwiftPackageReference "firebase-ios-sdk" */;
			productName = FirebaseMLModelDownloader;
		};
		CA93AFE32B78615A000286E0 /* FirebaseMessaging */ = {
			isa = XCSwiftPackageProductDependency;
			package = CA93AFB82B78615A000286E0 /* XCRemoteSwiftPackageReference "firebase-ios-sdk" */;
			productName = FirebaseMessaging;
		};
		CA93AFE52B78615A000286E0 /* FirebasePerformance */ = {
			isa = XCSwiftPackageProductDependency;
			package = CA93AFB82B78615A000286E0 /* XCRemoteSwiftPackageReference "firebase-ios-sdk" */;
			productName = FirebasePerformance;
		};
		CA93AFE72B78615A000286E0 /* FirebaseRemoteConfig */ = {
			isa = XCSwiftPackageProductDependency;
			package = CA93AFB82B78615A000286E0 /* XCRemoteSwiftPackageReference "firebase-ios-sdk" */;
			productName = FirebaseRemoteConfig;
		};
		CA93AFE92B78615A000286E0 /* FirebaseRemoteConfigSwift */ = {
			isa = XCSwiftPackageProductDependency;
			package = CA93AFB82B78615A000286E0 /* XCRemoteSwiftPackageReference "firebase-ios-sdk" */;
			productName = FirebaseRemoteConfigSwift;
		};
		CA93AFEB2B78615A000286E0 /* FirebaseStorage */ = {
			isa = XCSwiftPackageProductDependency;
			package = CA93AFB82B78615A000286E0 /* XCRemoteSwiftPackageReference "firebase-ios-sdk" */;
			productName = FirebaseStorage;
		};
		CA93AFED2B78615A000286E0 /* FirebaseStorageCombine-Community */ = {
			isa = XCSwiftPackageProductDependency;
			package = CA93AFB82B78615A000286E0 /* XCRemoteSwiftPackageReference "firebase-ios-sdk" */;
			productName = "FirebaseStorageCombine-Community";
		};
/* End XCSwiftPackageProductDependency section */
	};
	rootObject = CA93AF932B783D9F000286E0 /* Project object */;
}
